
Microsoft Visual Studio Solution File, Format Version 12.00
# Visual Studio Version 17
VisualStudioVersion = 17.9.34723.18
MinimumVisualStudioVersion = 10.0.40219.1
Project("{8BC9CEB8-8B4A-11D0-8D11-00A0C91BC942}") = "課題1", "C++実習課題\C++実習課題.vcxproj", "{A4E64035-CDF7-41BA-A26C-EEF5AB331AB7}"
EndProject
Project("{8BC9CEB8-8B4A-11D0-8D11-00A0C91BC942}") = "課題2", "課題2\課題2.vcxproj", "{B9144894-D0F9-4002-8DC6-23775CF842E0}"
EndProject
Project("{8BC9CEB8-8B4A-11D0-8D11-00A0C91BC942}") = "課題3", "課題3\課題3.vcxproj", "{51EC5F57-6AF0-4ABC-B8B3-B2408689D69C}"
EndProject
Global
	GlobalSection(SolutionConfigurationPlatforms) = preSolution
		Debug|x64 = Debug|x64
		Debug|x86 = Debug|x86
		Release|x64 = Release|x64
		Release|x86 = Release|x86
	EndGlobalSection
	GlobalSection(ProjectConfigurationPlatforms) = postSolution
		{A4E64035-CDF7-41BA-A26C-EEF5AB331AB7}.Debug|x64.ActiveCfg = Debug|x64
		{A4E64035-CDF7-41BA-A26C-EEF5AB331AB7}.Debug|x64.Build.0 = Debug|x64
		{A4E64035-CDF7-41BA-A26C-EEF5AB331AB7}.Debug|x86.ActiveCfg = Debug|Win32
		{A4E64035-CDF7-41BA-A26C-EEF5AB331AB7}.Debug|x86.Build.0 = Debug|Win32
		{A4E64035-CDF7-41BA-A26C-EEF5AB331AB7}.Release|x64.ActiveCfg = Release|x64
		{A4E64035-CDF7-41BA-A26C-EEF5AB331AB7}.Release|x64.Build.0 = Release|x64
		{A4E64035-CDF7-41BA-A26C-EEF5AB331AB7}.Release|x86.ActiveCfg = Release|Win32
		{A4E64035-CDF7-41BA-A26C-EEF5AB331AB7}.Release|x86.Build.0 = Release|Win32
		{B9144894-D0F9-4002-8DC6-23775CF842E0}.Debug|x64.ActiveCfg = Debug|x64
		{B9144894-D0F9-4002-8DC6-23775CF842E0}.Debug|x64.Build.0 = Debug|x64
		{B9144894-D0F9-4002-8DC6-23775CF842E0}.Debug|x86.ActiveCfg = Debug|Win32
		{B9144894-D0F9-4002-8DC6-23775CF842E0}.Debug|x86.Build.0 = Debug|Win32
		{B9144894-D0F9-4002-8DC6-23775CF842E0}.Release|x64.ActiveCfg = Release|x64
		{B9144894-D0F9-4002-8DC6-23775CF842E0}.Release|x64.Build.0 = Release|x64
		{B9144894-D0F9-4002-8DC6-23775CF842E0}.Release|x86.ActiveCfg = Release|Win32
		{B9144894-D0F9-4002-8DC6-23775CF842E0}.Release|x86.Build.0 = Release|Win32
		{51EC5F57-6AF0-4ABC-B8B3-B2408689D69C}.Debug|x64.ActiveCfg = Debug|x64
		{51EC5F57-6AF0-4ABC-B8B3-B2408689D69C}.Debug|x64.Build.0 = Debug|x64
		{51EC5F57-6AF0-4ABC-B8B3-B2408689D69C}.Debug|x86.ActiveCfg = Debug|Win32
		{51EC5F57-6AF0-4ABC-B8B3-B2408689D69C}.Debug|x86.Build.0 = Debug|Win32
		{51EC5F57-6AF0-4ABC-B8B3-B2408689D69C}.Release|x64.ActiveCfg = Release|x64
		{51EC5F57-6AF0-4ABC-B8B3-B2408689D69C}.Release|x64.Build.0 = Release|x64
		{51EC5F57-6AF0-4ABC-B8B3-B2408689D69C}.Release|x86.ActiveCfg = Release|Win32
		{51EC5F57-6AF0-4ABC-B8B3-B2408689D69C}.Release|x86.Build.0 = Release|Win32
	EndGlobalSection
	GlobalSection(SolutionProperties) = preSolution
		HideSolutionNode = FALSE
	EndGlobalSection
	GlobalSection(ExtensibilityGlobals) = postSolution
		SolutionGuid = {86BAAB1F-8125-48AC-BBB7-90F79AD753D5}
	EndGlobalSection
EndGlobal
